
Microsoft Visual Studio Solution File, Format Version 12.00
# Visual Studio Version 17
VisualStudioVersion = 17.6.33801.468
MinimumVisualStudioVersion = 10.0.40219.1
Project("{FAE04EC0-301F-11D3-BF4B-00C04F79EFBC}") = "ContactBook", "ContactBook.csproj", "{E9FCC1DA-82C4-412E-8490-E22CAEE8E24E}"
EndProject
Global
	GlobalSection(SolutionConfigurationPlatforms) = preSolution
		Debug|Any CPU = Debug|Any CPU
		Release|Any CPU = Release|Any CPU
	EndGlobalSection
	GlobalSection(ProjectConfigurationPlatforms) = postSolution
		{E9FCC1DA-82C4-412E-8490-E22CAEE8E24E}.Debug|Any CPU.ActiveCfg = Debug|Any CPU
		{E9FCC1DA-82C4-412E-8490-E22CAEE8E24E}.Debug|Any CPU.Build.0 = Debug|Any CPU
		{E9FCC1DA-82C4-412E-8490-E22CAEE8E24E}.Release|Any CPU.ActiveCfg = Release|Any CPU
		{E9FCC1DA-82C4-412E-8490-E22CAEE8E24E}.Release|Any CPU.Build.0 = Release|Any CPU
	EndGlobalSection
	GlobalSection(SolutionProperties) = preSolution
		HideSolutionNode = FALSE
	EndGlobalSection
	GlobalSection(ExtensibilityGlobals) = postSolution
		SolutionGuid = {F732FEED-735E-40DE-A45D-9BCC9C023A28}
	EndGlobalSection
EndGlobal
